// !$*UTF8*$!
{
	archiveVersion = 1;
	classes = {
	};
	objectVersion = 46;
	objects = {

/* Begin PBXBuildFile section */
		A444D2021C27A59200430612 /* UIViewExt.m in Sources */ = {isa = PBXBuildFile; fileRef = A444D2011C27A59200430612 /* UIViewExt.m */; };
		A444D2051C27A6B000430612 /* UISlider+UISlider_touch.m in Sources */ = {isa = PBXBuildFile; fileRef = A444D2041C27A6B000430612 /* UISlider+UISlider_touch.m */; };
		A488EB541C23DCFC00D4686C /* main.m in Sources */ = {isa = PBXBuildFile; fileRef = A488EB531C23DCFC00D4686C /* main.m */; };
		A488EB571C23DCFC00D4686C /* AppDelegate.m in Sources */ = {isa = PBXBuildFile; fileRef = A488EB561C23DCFC00D4686C /* AppDelegate.m */; };
		A488EB5A1C23DCFC00D4686C /* ViewController.m in Sources */ = {isa = PBXBuildFile; fileRef = A488EB591C23DCFC00D4686C /* ViewController.m */; };
		A488EB5D1C23DCFC00D4686C /* Main.storyboard in Resources */ = {isa = PBXBuildFile; fileRef = A488EB5B1C23DCFC00D4686C /* Main.storyboard */; };
		A488EB5F1C23DCFC00D4686C /* Assets.xcassets in Resources */ = {isa = PBXBuildFile; fileRef = A488EB5E1C23DCFC00D4686C /* Assets.xcassets */; };
		A488EB621C23DCFC00D4686C /* LaunchScreen.storyboard in Resources */ = {isa = PBXBuildFile; fileRef = A488EB601C23DCFC00D4686C /* LaunchScreen.storyboard */; };
		A488EB6B1C23DF1900D4686C /* XZMPlayerView.m in Sources */ = {isa = PBXBuildFile; fileRef = A488EB6A1C23DF1900D4686C /* XZMPlayerView.m */; };
/* End PBXBuildFile section */

/* Begin PBXFileReference section */
		A444D2001C27A59200430612 /* UIViewExt.h */ = {isa = PBXFileReference; fileEncoding = 4; lastKnownFileType = sourcecode.c.h; path = UIViewExt.h; sourceTree = "<group>"; };
		A444D2011C27A59200430612 /* UIViewExt.m */ = {isa = PBXFileReference; fileEncoding = 4; lastKnownFileType = sourcecode.c.objc; path = UIViewExt.m; sourceTree = "<group>"; };
		A444D2031C27A6B000430612 /* UISlider+UISlider_touch.h */ = {isa = PBXFileReference; fileEncoding = 4; lastKnownFileType = sourcecode.c.h; path = "UISlider+UISlider_touch.h"; sourceTree = "<group>"; };
		A444D2041C27A6B000430612 /* UISlider+UISlider_touch.m */ = {isa = PBXFileReference; fileEncoding = 4; lastKnownFileType = sourcecode.c.objc; path = "UISlider+UISlider_touch.m"; sourceTree = "<group>"; };
		A488EB4F1C23DCFC00D4686C /* XZMPlayer.app */ = {isa = PBXFileReference; explicitFileType = wrapper.application; includeInIndex = 0; path = XZMPlayer.app; sourceTree = BUILT_PRODUCTS_DIR; };
		A488EB531C23DCFC00D4686C /* main.m */ = {isa = PBXFileReference; lastKnownFileType = sourcecode.c.objc; path = main.m; sourceTree = "<group>"; };
		A488EB551C23DCFC00D4686C /* AppDelegate.h */ = {isa = PBXFileReference; lastKnownFileType = sourcecode.c.h; path = AppDelegate.h; sourceTree = "<group>"; };
		A488EB561C23DCFC00D4686C /* AppDelegate.m */ = {isa = PBXFileReference; lastKnownFileType = sourcecode.c.objc; path = AppDelegate.m; sourceTree = "<group>"; };
		A488EB581C23DCFC00D4686C /* ViewController.h */ = {isa = PBXFileReference; lastKnownFileType = sourcecode.c.h; path = ViewController.h; sourceTree = "<group>"; };
		A488EB591C23DCFC00D4686C /* ViewController.m */ = {isa = PBXFileReference; lastKnownFileType = sourcecode.c.objc; path = ViewController.m; sourceTree = "<group>"; };
		A488EB5C1C23DCFC00D4686C /* Base */ = {isa = PBXFileReference; lastKnownFileType = file.storyboard; name = Base; path = Base.lproj/Main.storyboard; sourceTree = "<group>"; };
		A488EB5E1C23DCFC00D4686C /* Assets.xcassets */ = {isa = PBXFileReference; lastKnownFileType = folder.assetcatalog; path = Assets.xcassets; sourceTree = "<group>"; };
		A488EB611C23DCFC00D4686C /* Base */ = {isa = PBXFileReference; lastKnownFileType = file.storyboard; name = Base; path = Base.lproj/LaunchScreen.storyboard; sourceTree = "<group>"; };
		A488EB631C23DCFC00D4686C /* Info.plist */ = {isa = PBXFileReference; lastKnownFileType = text.plist.xml; path = Info.plist; sourceTree = "<group>"; };
		A488EB691C23DF1900D4686C /* XZMPlayerView.h */ = {isa = PBXFileReference; fileEncoding = 4; lastKnownFileType = sourcecode.c.h; path = XZMPlayerView.h; sourceTree = "<group>"; };
		A488EB6A1C23DF1900D4686C /* XZMPlayerView.m */ = {isa = PBXFileReference; fileEncoding = 4; lastKnownFileType = sourcecode.c.objc; path = XZMPlayerView.m; sourceTree = "<group>"; };
/* End PBXFileReference section */

/* Begin PBXFrameworksBuildPhase section */
		A488EB4C1C23DCFC00D4686C /* Frameworks */ = {
			isa = PBXFrameworksBuildPhase;
			buildActionMask = 2147483647;
			files = (
			);
			runOnlyForDeploymentPostprocessing = 0;
		};
/* End PBXFrameworksBuildPhase section */

/* Begin PBXGroup section */
		A488EB461C23DCFC00D4686C = {
			isa = PBXGroup;
			children = (
				A488EB511C23DCFC00D4686C /* XZMPlayer */,
				A488EB501C23DCFC00D4686C /* Products */,
			);
			sourceTree = "<group>";
		};
		A488EB501C23DCFC00D4686C /* Products */ = {
			isa = PBXGroup;
			children = (
				A488EB4F1C23DCFC00D4686C /* XZMPlayer.app */,
			);
			name = Products;
			sourceTree = "<group>";
		};
		A488EB511C23DCFC00D4686C /* XZMPlayer */ = {
			isa = PBXGroup;
			children = (
				A444D2031C27A6B000430612 /* UISlider+UISlider_touch.h */,
				A444D2041C27A6B000430612 /* UISlider+UISlider_touch.m */,
				A444D2001C27A59200430612 /* UIViewExt.h */,
				A444D2011C27A59200430612 /* UIViewExt.m */,
				A488EB551C23DCFC00D4686C /* AppDelegate.h */,
				A488EB561C23DCFC00D4686C /* AppDelegate.m */,
				A488EB581C23DCFC00D4686C /* ViewController.h */,
				A488EB591C23DCFC00D4686C /* ViewController.m */,
				A488EB691C23DF1900D4686C /* XZMPlayerView.h */,
				A488EB6A1C23DF1900D4686C /* XZMPlayerView.m */,
				A488EB5B1C23DCFC00D4686C /* Main.storyboard */,
				A488EB5E1C23DCFC00D4686C /* Assets.xcassets */,
				A488EB601C23DCFC00D4686C /* LaunchScreen.storyboard */,
				A488EB631C23DCFC00D4686C /* Info.plist */,
				A488EB521C23DCFC00D4686C /* Supporting Files */,
			);
			path = XZMPlayer;
			sourceTree = "<group>";
		};
		A488EB521C23DCFC00D4686C /* Supporting Files */ = {
			isa = PBXGroup;
			children = (
				A488EB531C23DCFC00D4686C /* main.m */,
			);
			name = "Supporting Files";
			sourceTree = "<group>";
		};
/* End PBXGroup section */

/* Begin PBXNativeTarget section */
		A488EB4E1C23DCFC00D4686C /* XZMPlayer */ = {
			isa = PBXNativeTarget;
			buildConfigurationList = A488EB661C23DCFC00D4686C /* Build configuration list for PBXNativeTarget "XZMPlayer" */;
			buildPhases = (
				A488EB4B1C23DCFC00D4686C /* Sources */,
				A488EB4C1C23DCFC00D4686C /* Frameworks */,
				A488EB4D1C23DCFC00D4686C /* Resources */,
			);
			buildRules = (
			);
			dependencies = (
			);
			name = XZMPlayer;
			productName = XZMPlayer;
			productReference = A488EB4F1C23DCFC00D4686C /* XZMPlayer.app */;
			productType = "com.apple.product-type.application";
		};
/* End PBXNativeTarget section */

/* Begin PBXProject section */
		A488EB471C23DCFC00D4686C /* Project object */ = {
			isa = PBXProject;
			attributes = {
				LastUpgradeCheck = 0720;
				ORGANIZATIONNAME = ypwl;
				TargetAttributes = {
					A488EB4E1C23DCFC00D4686C = {
						CreatedOnToolsVersion = 7.2;
					};
				};
			};
			buildConfigurationList = A488EB4A1C23DCFC00D4686C /* Build configuration list for PBXProject "XZMPlayer" */;
			compatibilityVersion = "Xcode 3.2";
			developmentRegion = English;
			hasScannedForEncodings = 0;
			knownRegions = (
				en,
				Base,
			);
			mainGroup = A488EB461C23DCFC00D4686C;
			productRefGroup = A488EB501C23DCFC00D4686C /* Products */;
			projectDirPath = "";
			projectRoot = "";
			targets = (
				A488EB4E1C23DCFC00D4686C /* XZMPlayer */,
			);
		};
/* End PBXProject section */

/* Begin PBXResourcesBuildPhase section */
		A488EB4D1C23DCFC00D4686C /* Resources */ = {
			isa = PBXResourcesBuildPhase;
			buildActionMask = 2147483647;
			files = (
				A488EB621C23DCFC00D4686C /* LaunchScreen.storyboard in Resources */,
				A488EB5F1C23DCFC00D4686C /* Assets.xcassets in Resources */,
				A488EB5D1C23DCFC00D4686C /* Main.storyboard in Resources */,
			);
			runOnlyForDeploymentPostprocessing = 0;
		};
/* End PBXResourcesBuildPhase section */

/* Begin PBXSourcesBuildPhase section */
		A488EB4B1C23DCFC00D4686C /* Sources */ = {
			isa = PBXSourcesBuildPhase;
			buildActionMask = 2147483647;
			files = (
				A488EB5A1C23DCFC00D4686C /* ViewController.m in Sources */,
				A488EB6B1C23DF1900D4686C /* XZMPlayerView.m in Sources */,
				A444D2021C27A59200430612 /* UIViewExt.m in Sources */,
				A444D2051C27A6B000430612 /* UISlider+UISlider_touch.m in Sources */,
				A488EB571C23DCFC00D4686C /* AppDelegate.m in Sources */,
				A488EB541C23DCFC00D4686C /* main.m in Sources */,
			);
			runOnlyForDeploymentPostprocessing = 0;
		};
/* End PBXSourcesBuildPhase section */

/* Begin PBXVariantGroup section */
		A488EB5B1C23DCFC00D4686C /* Main.storyboard */ = {
			isa = PBXVariantGroup;
			children = (
				A488EB5C1C23DCFC00D4686C /* Base */,
			);
			name = Main.storyboard;
			sourceTree = "<group>";
		};
		A488EB601C23DCFC00D4686C /* LaunchScreen.storyboard */ = {
			isa = PBXVariantGroup;
			children = (
				A488EB611C23DCFC00D4686C /* Base */,
			);
			name = LaunchScreen.storyboard;
			sourceTree = "<group>";
		};
/* End PBXVariantGroup section */

/* Begin XCBuildConfiguration section */
		A488EB641C23DCFC00D4686C /* Debug */ = {
			isa = XCBuildConfiguration;
			buildSettings = {
				ALWAYS_SEARCH_USER_PATHS = NO;
				CLANG_CXX_LANGUAGE_STANDARD = "gnu++0x";
				CLANG_CXX_LIBRARY = "libc++";
				CLANG_ENABLE_MODULES = YES;
				CLANG_ENABLE_OBJC_ARC = YES;
				CLANG_WARN_BOOL_CONVERSION = YES;
				CLANG_WARN_CONSTANT_CONVERSION = YES;
				CLANG_WARN_DIRECT_OBJC_ISA_USAGE = YES_ERROR;
				CLANG_WARN_EMPTY_BODY = YES;
				CLANG_WARN_ENUM_CONVERSION = YES;
				CLANG_WARN_INT_CONVERSION = YES;
				CLANG_WARN_OBJC_ROOT_CLASS = YES_ERROR;
				CLANG_WARN_UNREACHABLE_CODE = YES;
				CLANG_WARN__DUPLICATE_METHOD_MATCH = YES;
				"CODE_SIGN_IDENTITY[sdk=iphoneos*]" = "iPhone Developer";
				COPY_PHASE_STRIP = NO;
				DEBUG_INFORMATION_FORMAT = dwarf;
				ENABLE_STRICT_OBJC_MSGSEND = YES;
				ENABLE_TESTABILITY = YES;
				GCC_C_LANGUAGE_STANDARD = gnu99;
				GCC_DYNAMIC_NO_PIC = NO;
				GCC_NO_COMMON_BLOCKS = YES;
				GCC_OPTIMIZATION_LEVEL = 0;
				GCC_PREPROCESSOR_DEFINITIONS = (
					"DEBUG=1",
					"$(inherited)",
				);
				GCC_WARN_64_TO_32_BIT_CONVERSION = YES;
				GCC_WARN_ABOUT_RETURN_TYPE = YES_ERROR;
				GCC_WARN_UNDECLARED_SELECTOR = YES;
				GCC_WARN_UNINITIALIZED_AUTOS = YES_AGGRESSIVE;
				GCC_WARN_UNUSED_FUNCTION = YES;
				GCC_WARN_UNUSED_VARIABLE = YES;
				IPHONEOS_DEPLOYMENT_TARGET = 9.2;
				MTL_ENABLE_DEBUG_INFO = YES;
				ONLY_ACTIVE_ARCH = YES;
				SDKROOT = iphoneos;
				TARGETED_DEVICE_FAMILY = "1,2";
			};
			name = Debug;
		};
		A488EB651C23DCFC00D4686C /* Release */ = {
			isa = XCBuildConfiguration;
			buildSettings = {
				ALWAYS_SEARCH_USER_PATHS = NO;
				CLANG_CXX_LANGUAGE_STANDARD = "gnu++0x";
				CLANG_CXX_LIBRARY = "libc++";
				CLANG_ENABLE_MODULES = YES;
				CLANG_ENABLE_OBJC_ARC = YES;
				CLANG_WARN_BOOL_CONVERSION = YES;
				CLANG_WARN_CONSTANT_CONVERSION = YES;
				CLANG_WARN_DIRECT_OBJC_ISA_USAGE = YES_ERROR;
				CLANG_WARN_EMPTY_BODY = YES;
				CLANG_WARN_ENUM_CONVERSION = YES;
				CLANG_WARN_INT_CONVERSION = YES;
				CLANG_WARN_OBJC_ROOT_CLASS = YES_ERROR;
				CLANG_WARN_UNREACHABLE_CODE = YES;
				CLANG_WARN__DUPLICATE_METHOD_MATCH = YES;
				"CODE_SIGN_IDENTITY[sdk=iphoneos*]" = "iPhone Developer";
				COPY_PHASE_STRIP = NO;
				DEBUG_INFORMATION_FORMAT = "dwarf-with-dsym";
				ENABLE_NS_ASSERTIONS = NO;
				ENABLE_STRICT_OBJC_MSGSEND = YES;
				GCC_C_LANGUAGE_STANDARD = gnu99;
				GCC_NO_COMMON_BLOCKS = YES;
				GCC_WARN_64_TO_32_BIT_CONVERSION = YES;
				GCC_WARN_ABOUT_RETURN_TYPE = YES_ERROR;
				GCC_WARN_UNDECLARED_SELECTOR = YES;
				GCC_WARN_UNINITIALIZED_AUTOS = YES_AGGRESSIVE;
				GCC_WARN_UNUSED_FUNCTION = YES;
				GCC_WARN_UNUSED_VARIABLE = YES;
				IPHONEOS_DEPLOYMENT_TARGET = 9.2;
				MTL_ENABLE_DEBUG_INFO = NO;
				SDKROOT = iphoneos;
				TARGETED_DEVICE_FAMILY = "1,2";
				VALIDATE_PRODUCT = YES;
			};
			name = Release;
		};
		A488EB671C23DCFC00D4686C /* Debug */ = {
			isa = XCBuildConfiguration;
			buildSettings = {
				ASSETCATALOG_COMPILER_APPICON_NAME = AppIcon;
				CODE_SIGN_IDENTITY = "iPhone Developer: XinYu Shen (C87S8827QR)";
				"CODE_SIGN_IDENTITY[sdk=iphoneos*]" = "iPhone Developer: XinYu Shen (C87S8827QR)";
				INFOPLIST_FILE = XZMPlayer/Info.plist;
				IPHONEOS_DEPLOYMENT_TARGET = 7.0;
				LD_RUNPATH_SEARCH_PATHS = "$(inherited) @executable_path/Frameworks";
				PRODUCT_BUNDLE_IDENTIFIER = com.ypwl.XZMPlayer;
				PRODUCT_NAME = "$(TARGET_NAME)";
				PROVISIONING_PROFILE = "";
			};
			name = Debug;
		};
		A488EB681C23DCFC00D4686C /* Release */ = {
			isa = XCBuildConfiguration;
			buildSettings = {
				ASSETCATALOG_COMPILER_APPICON_NAME = AppIcon;
				CODE_SIGN_IDENTITY = "iPhone Developer: XinYu Shen (C87S8827QR)";
				"CODE_SIGN_IDENTITY[sdk=iphoneos*]" = "iPhone Developer: XinYu Shen (C87S8827QR)";
				INFOPLIST_FILE = XZMPlayer/Info.plist;
				IPHONEOS_DEPLOYMENT_TARGET = 7.0;
				LD_RUNPATH_SEARCH_PATHS = "$(inherited) @executable_path/Frameworks";
				PRODUCT_BUNDLE_IDENTIFIER = com.ypwl.XZMPlayer;
				PRODUCT_NAME = "$(TARGET_NAME)";
				PROVISIONING_PROFILE = "";
			};
			name = Release;
		};
/* End XCBuildConfiguration section */

/* Begin XCConfigurationList section */
		A488EB4A1C23DCFC00D4686C /* Build configuration list for PBXProject "XZMPlayer" */ = {
			isa = XCConfigurationList;
			buildConfigurations = (
				A488EB641C23DCFC00D4686C /* Debug */,
				A488EB651C23DCFC00D4686C /* Release */,
			);
			defaultConfigurationIsVisible = 0;
			defaultConfigurationName = Release;
		};
		A488EB661C23DCFC00D4686C /* Build configuration list for PBXNativeTarget "XZMPlayer" */ = {
			isa = XCConfigurationList;
			buildConfigurations = (
				A488EB671C23DCFC00D4686C /* Debug */,
				A488EB681C23DCFC00D4686C /* Release */,
			);
			defaultConfigurationIsVisible = 0;
			defaultConfigurationName = Release;
		};
/* End XCConfigurationList section */
	};
	rootObject = A488EB471C23DCFC00D4686C /* Project object */;
}
